<?xml version="1.0" encoding="utf-8"?>
<Project ToolsVersion="4.0" xmlns="http://schemas.microsoft.com/developer/msbuild/2003">
  <ItemGroup>
    <Filter Include="Pliki nagłówków">
      <UniqueIdentifier>{6e6da5d2-3c63-4e76-9c3a-1d04ed947380}</UniqueIdentifier>
    </Filter>
    <Filter Include="Pliki źródłowe">
      <UniqueIdentifier>{c4b7141e-3ff2-485f-a981-b66e049ac5d3}</UniqueIdentifier>
    </Filter>
  </ItemGroup>
  <ItemGroup>
    <ClInclude Include="src\Game.h">
      <Filter>Pliki nagłówków</Filter>
    </ClInclude>
    <ClInclude Include="src\GUI.h">
      <Filter>Pliki nagłówków</Filter>
    </ClInclude>
    <ClInclude Include="src\Playground.h">
      <Filter>Pliki nagłówków</Filter>
    </ClInclude>
    <ClInclude Include="src\StandardCursor.h">
      <Filter>Pliki nagłówków</Filter>
    </ClInclude>
    <ClInclude Include="src\Tile.h">
      <Filter>Pliki nagłówków</Filter>
    </ClInclude>
    <ClInclude Include="src\TileMatrix.h">
      <Filter>Pliki nagłówków</Filter>
    </ClInclude>
  </ItemGroup>
  <ItemGroup>
    <ClCompile Include="src\Game.cpp">
      <Filter>Pliki źródłowe</Filter>
    </ClCompile>
    <ClCompile Include="src\GUI.cpp">
      <Filter>Pliki źródłowe</Filter>
    </ClCompile>
    <ClCompile Include="src\main.cpp">
      <Filter>Pliki źródłowe</Filter>
    </ClCompile>
    <ClCompile Include="src\Playground.cpp">
      <Filter>Pliki źródłowe</Filter>
    </ClCompile>
    <ClCompile Include="src\StandardCursor.cpp">
      <Filter>Pliki źródłowe</Filter>
    </ClCompile>
    <ClCompile Include="src\Tile.cpp">
      <Filter>Pliki źródłowe</Filter>
    </ClCompile>
    <ClCompile Include="src\TileMatrix.cpp">
      <Filter>Pliki źródłowe</Filter>
    </ClCompile>
  </ItemGroup>
</Project>