<?xml version="1.0" encoding="utf-8"?>
<Project ToolsVersion="4.0" xmlns="http://schemas.microsoft.com/developer/msbuild/2003">
  <ItemGroup>
    <Filter Include="Pliki nagłówków">
      <UniqueIdentifier>{6e6da5d2-3c63-4e76-9c3a-1d04ed947380}</UniqueIdentifier>
    </Filter>
    <Filter Include="Pliki źródłowe">
      <UniqueIdentifier>{c4b7141e-3ff2-485f-a981-b66e049ac5d3}</UniqueIdentifier>
    </Filter>
    <Filter Include="Pliki nagłówków\MovementManager">
      <UniqueIdentifier>{b4208698-f28c-47c9-86b6-68356f780c90}</UniqueIdentifier>
    </Filter>
    <Filter Include="Pliki źródłowe\MovementManager">
      <UniqueIdentifier>{1cc876b3-1d9e-4613-8b26-8a786c6cd0ce}</UniqueIdentifier>
    </Filter>
    <Filter Include="Controller">
      <UniqueIdentifier>{95be4986-3711-463f-a181-4301a657b8a3}</UniqueIdentifier>
    </Filter>
    <Filter Include="Event">
      <UniqueIdentifier>{46f428e7-b61e-472f-a23d-2633ef80d0b4}</UniqueIdentifier>
    </Filter>
    <Filter Include="View">
      <UniqueIdentifier>{be673d0d-4d50-4ae4-879c-36186f03826c}</UniqueIdentifier>
    </Filter>
    <Filter Include="Model">
      <UniqueIdentifier>{56c152fd-6d81-4d30-8a27-521847c5b1a2}</UniqueIdentifier>
    </Filter>
    <Filter Include="Pattern">
      <UniqueIdentifier>{17d1e7ae-4fdb-4404-bb2d-68dd596e9347}</UniqueIdentifier>
    </Filter>
  </ItemGroup>
  <ItemGroup>
    <ClInclude Include="src\Game.h">
      <Filter>Pliki nagłówków</Filter>
    </ClInclude>
    <ClInclude Include="src\GUI.h">
      <Filter>Pliki nagłówków</Filter>
    </ClInclude>
    <ClInclude Include="src\Playground.h">
      <Filter>Pliki nagłówków</Filter>
    </ClInclude>
    <ClInclude Include="src\StandardCursor.h">
      <Filter>Pliki nagłówków</Filter>
    </ClInclude>
    <ClInclude Include="src\Tile.h">
      <Filter>Pliki nagłówków</Filter>
    </ClInclude>
    <ClInclude Include="src\TileMatrix.h">
      <Filter>Pliki nagłówków</Filter>
    </ClInclude>
    <ClInclude Include="src\AssetManager.h">
      <Filter>Pliki nagłówków</Filter>
    </ClInclude>
    <ClInclude Include="src\MovementManager\TransformationRoutine.h">
      <Filter>Pliki nagłówków\MovementManager</Filter>
    </ClInclude>
    <ClInclude Include="src\MovementManager\easeFunctions.h">
      <Filter>Pliki nagłówków\MovementManager</Filter>
    </ClInclude>
    <ClInclude Include="src\MovementManager\MovementContainer.h">
      <Filter>Pliki nagłówków\MovementManager</Filter>
    </ClInclude>
    <ClInclude Include="src\MovementManager\MovementManager.h">
      <Filter>Pliki nagłówków\MovementManager</Filter>
    </ClInclude>
    <ClInclude Include="src\MovementManager\RoutineContainer.h">
      <Filter>Pliki nagłówków\MovementManager</Filter>
    </ClInclude>
    <ClInclude Include="src\MovementManager\transformationInfo.h">
      <Filter>Pliki nagłówków\MovementManager</Filter>
    </ClInclude>
    <ClInclude Include="src\MovementManager\VertexArray2.h">
      <Filter>Pliki nagłówków\MovementManager</Filter>
    </ClInclude>
    <ClInclude Include="src\controller\ControllerFactory.h">
      <Filter>Controller</Filter>
    </ClInclude>
    <ClInclude Include="src\controller\ControllerHandler.h">
      <Filter>Controller</Filter>
    </ClInclude>
    <ClInclude Include="src\controller\IBaseController.h">
      <Filter>Controller</Filter>
    </ClInclude>
    <ClInclude Include="src\controller\IControllerFactory.h">
      <Filter>Controller</Filter>
    </ClInclude>
    <ClInclude Include="src\controller\GameController.h">
      <Filter>Controller</Filter>
    </ClInclude>
    <ClInclude Include="src\event\EventObserver.h">
      <Filter>Event</Filter>
    </ClInclude>
    <ClInclude Include="src\event\IEventObserver.h">
      <Filter>Event</Filter>
    </ClInclude>
    <ClInclude Include="src\model\ModelHandler.h">
      <Filter>Model</Filter>
    </ClInclude>
    <ClInclude Include="src\model\GameModel.h">
      <Filter>Model</Filter>
    </ClInclude>
    <ClInclude Include="src\model\BaseModel.h">
      <Filter>Model</Filter>
    </ClInclude>
    <ClInclude Include="src\view\GameViewTwo.h">
      <Filter>View</Filter>
    </ClInclude>
    <ClInclude Include="src\view\ViewHandler.h">
      <Filter>View</Filter>
    </ClInclude>
    <ClInclude Include="src\view\BaseView.h">
      <Filter>View</Filter>
    </ClInclude>
    <ClInclude Include="src\view\GameView.h">
      <Filter>View</Filter>
    </ClInclude>
    <ClInclude Include="src\DataHandler.hpp">
      <Filter>Pliki nagłówków</Filter>
    </ClInclude>
    <ClInclude Include="src\pattern\Observator.hpp">
      <Filter>Pattern</Filter>
    </ClInclude>
  </ItemGroup>
  <ItemGroup>
    <ClCompile Include="src\Game.cpp">
      <Filter>Pliki źródłowe</Filter>
    </ClCompile>
    <ClCompile Include="src\GUI.cpp">
      <Filter>Pliki źródłowe</Filter>
    </ClCompile>
    <ClCompile Include="src\main.cpp">
      <Filter>Pliki źródłowe</Filter>
    </ClCompile>
    <ClCompile Include="src\Playground.cpp">
      <Filter>Pliki źródłowe</Filter>
    </ClCompile>
    <ClCompile Include="src\StandardCursor.cpp">
      <Filter>Pliki źródłowe</Filter>
    </ClCompile>
    <ClCompile Include="src\Tile.cpp">
      <Filter>Pliki źródłowe</Filter>
    </ClCompile>
    <ClCompile Include="src\TileMatrix.cpp">
      <Filter>Pliki źródłowe</Filter>
    </ClCompile>
    <ClCompile Include="src\AssetManager.cpp">
      <Filter>Pliki źródłowe</Filter>
    </ClCompile>
    <ClCompile Include="src\MovementManager\TransformationRoutine.cpp">
      <Filter>Pliki źródłowe\MovementManager</Filter>
    </ClCompile>
    <ClCompile Include="src\MovementManager\easeFunctions.cpp">
      <Filter>Pliki źródłowe\MovementManager</Filter>
    </ClCompile>
    <ClCompile Include="src\MovementManager\MovementContainer.cpp">
      <Filter>Pliki źródłowe\MovementManager</Filter>
    </ClCompile>
    <ClCompile Include="src\MovementManager\MovementManager.cpp">
      <Filter>Pliki źródłowe\MovementManager</Filter>
    </ClCompile>
    <ClCompile Include="src\MovementManager\RoutineContainer.cpp">
      <Filter>Pliki źródłowe\MovementManager</Filter>
    </ClCompile>
    <ClCompile Include="src\MovementManager\transformationInfo.cpp">
      <Filter>Pliki źródłowe\MovementManager</Filter>
    </ClCompile>
    <ClCompile Include="src\MovementManager\VertexArray2.cpp">
      <Filter>Pliki źródłowe\MovementManager</Filter>
    </ClCompile>
    <ClCompile Include="src\controller\ControllerHandler.cpp">
      <Filter>Controller</Filter>
    </ClCompile>
    <ClCompile Include="src\controller\GameController.cpp">
      <Filter>Controller</Filter>
    </ClCompile>
    <ClCompile Include="src\event\EventObserver.cpp">
      <Filter>Event</Filter>
    </ClCompile>
    <ClCompile Include="src\model\GameModel.cpp">
      <Filter>Model</Filter>
    </ClCompile>
    <ClCompile Include="src\model\BaseModel.cpp">
      <Filter>Model</Filter>
    </ClCompile>
    <ClCompile Include="src\model\ModelHandler.cpp">
      <Filter>Model</Filter>
    </ClCompile>
    <ClCompile Include="src\view\GameViewTwo.cpp">
      <Filter>View</Filter>
    </ClCompile>
    <ClCompile Include="src\view\ViewHandler.cpp">
      <Filter>View</Filter>
    </ClCompile>
    <ClCompile Include="src\view\BaseView.cpp">
      <Filter>View</Filter>
    </ClCompile>
    <ClCompile Include="src\view\GameView.cpp">
      <Filter>View</Filter>
    </ClCompile>
  </ItemGroup>
</Project>